
Microsoft Visual Studio Solution File, Format Version 12.00
# Visual Studio Version 17
VisualStudioVersion = 17.7.34003.232
MinimumVisualStudioVersion = 10.0.40219.1
Project("{9A19103F-16F7-4668-BE54-9A1E7A4F7556}") = "WinFormsApp1", "WinFormsApp1\WinFormsApp1.csproj", "{C7C155BE-BCC3-4E21-A057-AEFB5A7C950C}"
EndProject
Global
	GlobalSection(SolutionConfigurationPlatforms) = preSolution
		Debug|Any CPU = Debug|Any CPU
		Release|Any CPU = Release|Any CPU
	EndGlobalSection
	GlobalSection(ProjectConfigurationPlatforms) = postSolution
		{C7C155BE-BCC3-4E21-A057-AEFB5A7C950C}.Debug|Any CPU.ActiveCfg = Debug|Any CPU
		{C7C155BE-BCC3-4E21-A057-AEFB5A7C950C}.Debug|Any CPU.Build.0 = Debug|Any CPU
		{C7C155BE-BCC3-4E21-A057-AEFB5A7C950C}.Release|Any CPU.ActiveCfg = Release|Any CPU
		{C7C155BE-BCC3-4E21-A057-AEFB5A7C950C}.Release|Any CPU.Build.0 = Release|Any CPU
	EndGlobalSection
	GlobalSection(SolutionProperties) = preSolution
		HideSolutionNode = FALSE
	EndGlobalSection
	GlobalSection(ExtensibilityGlobals) = postSolution
		SolutionGuid = {F89B5BBD-45DF-4D2A-BCE6-057251713BB1}
	EndGlobalSection
EndGlobal
